// !$*UTF8*$!
{
	archiveVersion = 1;
	classes = {
	};
	objectVersion = 46;
	objects = {

/* Begin PBXBuildFile section */
		2A145B451A2F56DA00FDDF00 /* TDMath.h in CopyFiles */ = {isa = PBXBuildFile; fileRef = 2A145B441A2F56DA00FDDF00 /* TDMath.h */; };
		2A145B471A2F56DA00FDDF00 /* TDMath.m in Sources */ = {isa = PBXBuildFile; fileRef = 2A145B461A2F56DA00FDDF00 /* TDMath.m */; };
		2A145B4D1A2F56DA00FDDF00 /* libTDMath.a in Frameworks */ = {isa = PBXBuildFile; fileRef = 2A145B411A2F56DA00FDDF00 /* libTDMath.a */; };
		2A145B631A2F70AE00FDDF00 /* TDTrigonometry.m in Sources */ = {isa = PBXBuildFile; fileRef = 2A145B621A2F70AE00FDDF00 /* TDTrigonometry.m */; };
		2A145B651A2F711D00FDDF00 /* CoreGraphics.framework in Frameworks */ = {isa = PBXBuildFile; fileRef = 2A145B641A2F711D00FDDF00 /* CoreGraphics.framework */; };
		2A4078751A38C80F003D939F /* TDGeometricFigure.m in Sources */ = {isa = PBXBuildFile; fileRef = 2A4078741A38C80F003D939F /* TDGeometricFigure.m */; };
/* End PBXBuildFile section */

/* Begin PBXContainerItemProxy section */
		2A145B4E1A2F56DA00FDDF00 /* PBXContainerItemProxy */ = {
			isa = PBXContainerItemProxy;
			containerPortal = 2A145B391A2F56DA00FDDF00 /* Project object */;
			proxyType = 1;
			remoteGlobalIDString = 2A145B401A2F56DA00FDDF00;
			remoteInfo = TDMath;
		};
/* End PBXContainerItemProxy section */

/* Begin PBXCopyFilesBuildPhase section */
		2A145B3F1A2F56DA00FDDF00 /* CopyFiles */ = {
			isa = PBXCopyFilesBuildPhase;
			buildActionMask = 2147483647;
			dstPath = "include/$(PRODUCT_NAME)";
			dstSubfolderSpec = 16;
			files = (
				2A145B451A2F56DA00FDDF00 /* TDMath.h in CopyFiles */,
			);
			runOnlyForDeploymentPostprocessing = 0;
		};
/* End PBXCopyFilesBuildPhase section */

/* Begin PBXFileReference section */
		2A145B411A2F56DA00FDDF00 /* libTDMath.a */ = {isa = PBXFileReference; explicitFileType = archive.ar; includeInIndex = 0; path = libTDMath.a; sourceTree = BUILT_PRODUCTS_DIR; };
		2A145B441A2F56DA00FDDF00 /* TDMath.h */ = {isa = PBXFileReference; lastKnownFileType = sourcecode.c.h; path = TDMath.h; sourceTree = "<group>"; };
		2A145B461A2F56DA00FDDF00 /* TDMath.m */ = {isa = PBXFileReference; lastKnownFileType = sourcecode.c.objc; path = TDMath.m; sourceTree = "<group>"; };
		2A145B4C1A2F56DA00FDDF00 /* TDMathTests.xctest */ = {isa = PBXFileReference; explicitFileType = wrapper.cfbundle; includeInIndex = 0; path = TDMathTests.xctest; sourceTree = BUILT_PRODUCTS_DIR; };
		2A145B521A2F56DA00FDDF00 /* Info.plist */ = {isa = PBXFileReference; lastKnownFileType = text.plist.xml; path = Info.plist; sourceTree = "<group>"; };
		2A145B611A2F709900FDDF00 /* TDTrigonometry.h */ = {isa = PBXFileReference; lastKnownFileType = sourcecode.c.h; path = TDTrigonometry.h; sourceTree = "<group>"; };
		2A145B621A2F70AE00FDDF00 /* TDTrigonometry.m */ = {isa = PBXFileReference; fileEncoding = 4; lastKnownFileType = sourcecode.c.objc; path = TDTrigonometry.m; sourceTree = "<group>"; };
		2A145B641A2F711D00FDDF00 /* CoreGraphics.framework */ = {isa = PBXFileReference; lastKnownFileType = wrapper.framework; name = CoreGraphics.framework; path = System/Library/Frameworks/CoreGraphics.framework; sourceTree = SDKROOT; };
		2A4078731A38C7E0003D939F /* TDGeometricFigure.h */ = {isa = PBXFileReference; fileEncoding = 4; lastKnownFileType = sourcecode.c.h; path = TDGeometricFigure.h; sourceTree = "<group>"; };
		2A4078741A38C80F003D939F /* TDGeometricFigure.m */ = {isa = PBXFileReference; fileEncoding = 4; lastKnownFileType = sourcecode.c.objc; path = TDGeometricFigure.m; sourceTree = "<group>"; };
/* End PBXFileReference section */

/* Begin PBXFrameworksBuildPhase section */
		2A145B3E1A2F56DA00FDDF00 /* Frameworks */ = {
			isa = PBXFrameworksBuildPhase;
			buildActionMask = 2147483647;
			files = (
				2A145B651A2F711D00FDDF00 /* CoreGraphics.framework in Frameworks */,
			);
			runOnlyForDeploymentPostprocessing = 0;
		};
		2A145B491A2F56DA00FDDF00 /* Frameworks */ = {
			isa = PBXFrameworksBuildPhase;
			buildActionMask = 2147483647;
			files = (
				2A145B4D1A2F56DA00FDDF00 /* libTDMath.a in Frameworks */,
			);
			runOnlyForDeploymentPostprocessing = 0;
		};
/* End PBXFrameworksBuildPhase section */

/* Begin PBXGroup section */
		2A145B381A2F56DA00FDDF00 = {
			isa = PBXGroup;
			children = (
				2A145B661A2F718200FDDF00 /* Frameworks */,
				2A145B431A2F56DA00FDDF00 /* TDMath */,
				2A145B501A2F56DA00FDDF00 /* TDMathTests */,
				2A145B421A2F56DA00FDDF00 /* Products */,
			);
			sourceTree = "<group>";
		};
		2A145B421A2F56DA00FDDF00 /* Products */ = {
			isa = PBXGroup;
			children = (
				2A145B411A2F56DA00FDDF00 /* libTDMath.a */,
				2A145B4C1A2F56DA00FDDF00 /* TDMathTests.xctest */,
			);
			name = Products;
			sourceTree = "<group>";
		};
		2A145B431A2F56DA00FDDF00 /* TDMath */ = {
			isa = PBXGroup;
			children = (
				2A145B441A2F56DA00FDDF00 /* TDMath.h */,
				2A145B461A2F56DA00FDDF00 /* TDMath.m */,
				2A145B611A2F709900FDDF00 /* TDTrigonometry.h */,
				2A145B621A2F70AE00FDDF00 /* TDTrigonometry.m */,
				2A4078731A38C7E0003D939F /* TDGeometricFigure.h */,
				2A4078741A38C80F003D939F /* TDGeometricFigure.m */,
			);
			path = TDMath;
			sourceTree = "<group>";
		};
		2A145B501A2F56DA00FDDF00 /* TDMathTests */ = {
			isa = PBXGroup;
			children = (
				2A145B511A2F56DA00FDDF00 /* Supporting Files */,
			);
			path = TDMathTests;
			sourceTree = "<group>";
		};
		2A145B511A2F56DA00FDDF00 /* Supporting Files */ = {
			isa = PBXGroup;
			children = (
				2A145B521A2F56DA00FDDF00 /* Info.plist */,
			);
			name = "Supporting Files";
			sourceTree = "<group>";
		};
		2A145B661A2F718200FDDF00 /* Frameworks */ = {
			isa = PBXGroup;
			children = (
				2A145B641A2F711D00FDDF00 /* CoreGraphics.framework */,
			);
			name = Frameworks;
			sourceTree = "<group>";
		};
/* End PBXGroup section */

/* Begin PBXNativeTarget section */
		2A145B401A2F56DA00FDDF00 /* TDMath */ = {
			isa = PBXNativeTarget;
			buildConfigurationList = 2A145B551A2F56DA00FDDF00 /* Build configuration list for PBXNativeTarget "TDMath" */;
			buildPhases = (
				2A145B3D1A2F56DA00FDDF00 /* Sources */,
				2A145B3E1A2F56DA00FDDF00 /* Frameworks */,
				2A145B3F1A2F56DA00FDDF00 /* CopyFiles */,
			);
			buildRules = (
			);
			dependencies = (
			);
			name = TDMath;
			productName = TDMath;
			productReference = 2A145B411A2F56DA00FDDF00 /* libTDMath.a */;
			productType = "com.apple.product-type.library.static";
		};
		2A145B4B1A2F56DA00FDDF00 /* TDMathTests */ = {
			isa = PBXNativeTarget;
			buildConfigurationList = 2A145B581A2F56DA00FDDF00 /* Build configuration list for PBXNativeTarget "TDMathTests" */;
			buildPhases = (
				2A145B481A2F56DA00FDDF00 /* Sources */,
				2A145B491A2F56DA00FDDF00 /* Frameworks */,
				2A145B4A1A2F56DA00FDDF00 /* Resources */,
			);
			buildRules = (
			);
			dependencies = (
				2A145B4F1A2F56DA00FDDF00 /* PBXTargetDependency */,
			);
			name = TDMathTests;
			productName = TDMathTests;
			productReference = 2A145B4C1A2F56DA00FDDF00 /* TDMathTests.xctest */;
			productType = "com.apple.product-type.bundle.unit-test";
		};
/* End PBXNativeTarget section */

/* Begin PBXProject section */
		2A145B391A2F56DA00FDDF00 /* Project object */ = {
			isa = PBXProject;
			attributes = {
				LastUpgradeCheck = 0610;
				ORGANIZATIONNAME = TechD;
				TargetAttributes = {
					2A145B401A2F56DA00FDDF00 = {
						CreatedOnToolsVersion = 6.1;
					};
					2A145B4B1A2F56DA00FDDF00 = {
						CreatedOnToolsVersion = 6.1;
					};
				};
			};
			buildConfigurationList = 2A145B3C1A2F56DA00FDDF00 /* Build configuration list for PBXProject "TDMath" */;
			compatibilityVersion = "Xcode 3.2";
			developmentRegion = English;
			hasScannedForEncodings = 0;
			knownRegions = (
				en,
			);
			mainGroup = 2A145B381A2F56DA00FDDF00;
			productRefGroup = 2A145B421A2F56DA00FDDF00 /* Products */;
			projectDirPath = "";
			projectRoot = "";
			targets = (
				2A145B401A2F56DA00FDDF00 /* TDMath */,
				2A145B4B1A2F56DA00FDDF00 /* TDMathTests */,
			);
		};
/* End PBXProject section */

/* Begin PBXResourcesBuildPhase section */
		2A145B4A1A2F56DA00FDDF00 /* Resources */ = {
			isa = PBXResourcesBuildPhase;
			buildActionMask = 2147483647;
			files = (
			);
			runOnlyForDeploymentPostprocessing = 0;
		};
/* End PBXResourcesBuildPhase section */

/* Begin PBXSourcesBuildPhase section */
		2A145B3D1A2F56DA00FDDF00 /* Sources */ = {
			isa = PBXSourcesBuildPhase;
			buildActionMask = 2147483647;
			files = (
				2A145B631A2F70AE00FDDF00 /* TDTrigonometry.m in Sources */,
				2A4078751A38C80F003D939F /* TDGeometricFigure.m in Sources */,
				2A145B471A2F56DA00FDDF00 /* TDMath.m in Sources */,
			);
			runOnlyForDeploymentPostprocessing = 0;
		};
		2A145B481A2F56DA00FDDF00 /* Sources */ = {
			isa = PBXSourcesBuildPhase;
			buildActionMask = 2147483647;
			files = (
			);
			runOnlyForDeploymentPostprocessing = 0;
		};
/* End PBXSourcesBuildPhase section */

/* Begin PBXTargetDependency section */
		2A145B4F1A2F56DA00FDDF00 /* PBXTargetDependency */ = {
			isa = PBXTargetDependency;
			target = 2A145B401A2F56DA00FDDF00 /* TDMath */;
			targetProxy = 2A145B4E1A2F56DA00FDDF00 /* PBXContainerItemProxy */;
		};
/* End PBXTargetDependency section */

/* Begin XCBuildConfiguration section */
		2A145B531A2F56DA00FDDF00 /* Debug */ = {
			isa = XCBuildConfiguration;
			buildSettings = {
				ALWAYS_SEARCH_USER_PATHS = NO;
				CLANG_CXX_LANGUAGE_STANDARD = "gnu++0x";
				CLANG_CXX_LIBRARY = "libc++";
				CLANG_ENABLE_MODULES = YES;
				CLANG_ENABLE_OBJC_ARC = YES;
				CLANG_WARN_BOOL_CONVERSION = YES;
				CLANG_WARN_CONSTANT_CONVERSION = YES;
				CLANG_WARN_DIRECT_OBJC_ISA_USAGE = YES_ERROR;
				CLANG_WARN_EMPTY_BODY = YES;
				CLANG_WARN_ENUM_CONVERSION = YES;
				CLANG_WARN_INT_CONVERSION = YES;
				CLANG_WARN_OBJC_ROOT_CLASS = YES_ERROR;
				CLANG_WARN_UNREACHABLE_CODE = YES;
				CLANG_WARN__DUPLICATE_METHOD_MATCH = YES;
				COPY_PHASE_STRIP = NO;
				ENABLE_STRICT_OBJC_MSGSEND = YES;
				GCC_C_LANGUAGE_STANDARD = gnu99;
				GCC_DYNAMIC_NO_PIC = NO;
				GCC_OPTIMIZATION_LEVEL = 0;
				GCC_PREPROCESSOR_DEFINITIONS = (
					"DEBUG=1",
					"$(inherited)",
				);
				GCC_SYMBOLS_PRIVATE_EXTERN = NO;
				GCC_WARN_64_TO_32_BIT_CONVERSION = YES;
				GCC_WARN_ABOUT_RETURN_TYPE = YES_ERROR;
				GCC_WARN_UNDECLARED_SELECTOR = YES;
				GCC_WARN_UNINITIALIZED_AUTOS = YES_AGGRESSIVE;
				GCC_WARN_UNUSED_FUNCTION = YES;
				GCC_WARN_UNUSED_VARIABLE = YES;
				IPHONEOS_DEPLOYMENT_TARGET = 7.0;
				MTL_ENABLE_DEBUG_INFO = YES;
				ONLY_ACTIVE_ARCH = YES;
				SDKROOT = iphoneos;
			};
			name = Debug;
		};
		2A145B541A2F56DA00FDDF00 /* Release */ = {
			isa = XCBuildConfiguration;
			buildSettings = {
				ALWAYS_SEARCH_USER_PATHS = NO;
				CLANG_CXX_LANGUAGE_STANDARD = "gnu++0x";
				CLANG_CXX_LIBRARY = "libc++";
				CLANG_ENABLE_MODULES = YES;
				CLANG_ENABLE_OBJC_ARC = YES;
				CLANG_WARN_BOOL_CONVERSION = YES;
				CLANG_WARN_CONSTANT_CONVERSION = YES;
				CLANG_WARN_DIRECT_OBJC_ISA_USAGE = YES_ERROR;
				CLANG_WARN_EMPTY_BODY = YES;
				CLANG_WARN_ENUM_CONVERSION = YES;
				CLANG_WARN_INT_CONVERSION = YES;
				CLANG_WARN_OBJC_ROOT_CLASS = YES_ERROR;
				CLANG_WARN_UNREACHABLE_CODE = YES;
				CLANG_WARN__DUPLICATE_METHOD_MATCH = YES;
				COPY_PHASE_STRIP = YES;
				ENABLE_NS_ASSERTIONS = NO;
				ENABLE_STRICT_OBJC_MSGSEND = YES;
				GCC_C_LANGUAGE_STANDARD = gnu99;
				GCC_WARN_64_TO_32_BIT_CONVERSION = YES;
				GCC_WARN_ABOUT_RETURN_TYPE = YES_ERROR;
				GCC_WARN_UNDECLARED_SELECTOR = YES;
				GCC_WARN_UNINITIALIZED_AUTOS = YES_AGGRESSIVE;
				GCC_WARN_UNUSED_FUNCTION = YES;
				GCC_WARN_UNUSED_VARIABLE = YES;
				IPHONEOS_DEPLOYMENT_TARGET = 7.0;
				MTL_ENABLE_DEBUG_INFO = NO;
				SDKROOT = iphoneos;
				VALIDATE_PRODUCT = YES;
			};
			name = Release;
		};
		2A145B561A2F56DA00FDDF00 /* Debug */ = {
			isa = XCBuildConfiguration;
			buildSettings = {
				OTHER_LDFLAGS = "-ObjC";
				PRODUCT_NAME = "$(TARGET_NAME)";
				SKIP_INSTALL = YES;
			};
			name = Debug;
		};
		2A145B571A2F56DA00FDDF00 /* Release */ = {
			isa = XCBuildConfiguration;
			buildSettings = {
				OTHER_LDFLAGS = "-ObjC";
				PRODUCT_NAME = "$(TARGET_NAME)";
				SKIP_INSTALL = YES;
			};
			name = Release;
		};
		2A145B591A2F56DA00FDDF00 /* Debug */ = {
			isa = XCBuildConfiguration;
			buildSettings = {
				FRAMEWORK_SEARCH_PATHS = (
					"$(SDKROOT)/Developer/Library/Frameworks",
					"$(inherited)",
				);
				GCC_PREPROCESSOR_DEFINITIONS = (
					"DEBUG=1",
					"$(inherited)",
				);
				INFOPLIST_FILE = TDMathTests/Info.plist;
				LD_RUNPATH_SEARCH_PATHS = "$(inherited) @executable_path/Frameworks @loader_path/Frameworks";
				PRODUCT_NAME = "$(TARGET_NAME)";
			};
			name = Debug;
		};
		2A145B5A1A2F56DA00FDDF00 /* Release */ = {
			isa = XCBuildConfiguration;
			buildSettings = {
				FRAMEWORK_SEARCH_PATHS = (
					"$(SDKROOT)/Developer/Library/Frameworks",
					"$(inherited)",
				);
				INFOPLIST_FILE = TDMathTests/Info.plist;
				LD_RUNPATH_SEARCH_PATHS = "$(inherited) @executable_path/Frameworks @loader_path/Frameworks";
				PRODUCT_NAME = "$(TARGET_NAME)";
			};
			name = Release;
		};
/* End XCBuildConfiguration section */

/* Begin XCConfigurationList section */
		2A145B3C1A2F56DA00FDDF00 /* Build configuration list for PBXProject "TDMath" */ = {
			isa = XCConfigurationList;
			buildConfigurations = (
				2A145B531A2F56DA00FDDF00 /* Debug */,
				2A145B541A2F56DA00FDDF00 /* Release */,
			);
			defaultConfigurationIsVisible = 0;
			defaultConfigurationName = Release;
		};
		2A145B551A2F56DA00FDDF00 /* Build configuration list for PBXNativeTarget "TDMath" */ = {
			isa = XCConfigurationList;
			buildConfigurations = (
				2A145B561A2F56DA00FDDF00 /* Debug */,
				2A145B571A2F56DA00FDDF00 /* Release */,
			);
			defaultConfigurationIsVisible = 0;
			defaultConfigurationName = Release;
		};
		2A145B581A2F56DA00FDDF00 /* Build configuration list for PBXNativeTarget "TDMathTests" */ = {
			isa = XCConfigurationList;
			buildConfigurations = (
				2A145B591A2F56DA00FDDF00 /* Debug */,
				2A145B5A1A2F56DA00FDDF00 /* Release */,
			);
			defaultConfigurationIsVisible = 0;
			defaultConfigurationName = Release;
		};
/* End XCConfigurationList section */
	};
	rootObject = 2A145B391A2F56DA00FDDF00 /* Project object */;
}
